// !$*UTF8*$!
{
	archiveVersion = 1;
	classes = {
	};
	objectVersion = 46;
	objects = {

/* Begin PBXBuildFile section */
		440AD8FE1696DB26002853E5 /* Cocoa.framework in Frameworks */ = {isa = PBXBuildFile; fileRef = 440AD8FD1696DB26002853E5 /* Cocoa.framework */; };
		440AD9081696DB27002853E5 /* InfoPlist.strings in Resources */ = {isa = PBXBuildFile; fileRef = 440AD9061696DB27002853E5 /* InfoPlist.strings */; };
		440AD90A1696DB27002853E5 /* main.m in Sources */ = {isa = PBXBuildFile; fileRef = 440AD9091696DB27002853E5 /* main.m */; };
		440AD90E1696DB27002853E5 /* Credits.rtf in Resources */ = {isa = PBXBuildFile; fileRef = 440AD90C1696DB27002853E5 /* Credits.rtf */; };
		440AD9111696DB27002853E5 /* AppDelegate.m in Sources */ = {isa = PBXBuildFile; fileRef = 440AD9101696DB27002853E5 /* AppDelegate.m */; };
		440AD9141696DB27002853E5 /* MainMenu.xib in Resources */ = {isa = PBXBuildFile; fileRef = 440AD9121696DB27002853E5 /* MainMenu.xib */; };
/* End PBXBuildFile section */

/* Begin PBXFileReference section */
		440AD8F91696DB26002853E5 /* BaiduTiebaChecker.app */ = {isa = PBXFileReference; explicitFileType = wrapper.application; includeInIndex = 0; path = BaiduTiebaChecker.app; sourceTree = BUILT_PRODUCTS_DIR; };
		440AD8FD1696DB26002853E5 /* Cocoa.framework */ = {isa = PBXFileReference; lastKnownFileType = wrapper.framework; name = Cocoa.framework; path = System/Library/Frameworks/Cocoa.framework; sourceTree = SDKROOT; };
		440AD9001696DB26002853E5 /* AppKit.framework */ = {isa = PBXFileReference; lastKnownFileType = wrapper.framework; name = AppKit.framework; path = System/Library/Frameworks/AppKit.framework; sourceTree = SDKROOT; };
		440AD9011696DB26002853E5 /* CoreData.framework */ = {isa = PBXFileReference; lastKnownFileType = wrapper.framework; name = CoreData.framework; path = System/Library/Frameworks/CoreData.framework; sourceTree = SDKROOT; };
		440AD9021696DB26002853E5 /* Foundation.framework */ = {isa = PBXFileReference; lastKnownFileType = wrapper.framework; name = Foundation.framework; path = System/Library/Frameworks/Foundation.framework; sourceTree = SDKROOT; };
		440AD9051696DB27002853E5 /* BaiduTiebaChecker-Info.plist */ = {isa = PBXFileReference; lastKnownFileType = text.plist.xml; path = "BaiduTiebaChecker-Info.plist"; sourceTree = "<group>"; };
		440AD9071696DB27002853E5 /* en */ = {isa = PBXFileReference; lastKnownFileType = text.plist.strings; name = en; path = en.lproj/InfoPlist.strings; sourceTree = "<group>"; };
		440AD9091696DB27002853E5 /* main.m */ = {isa = PBXFileReference; lastKnownFileType = sourcecode.c.objc; path = main.m; sourceTree = "<group>"; };
		440AD90B1696DB27002853E5 /* BaiduTiebaChecker-Prefix.pch */ = {isa = PBXFileReference; lastKnownFileType = sourcecode.c.h; path = "BaiduTiebaChecker-Prefix.pch"; sourceTree = "<group>"; };
		440AD90D1696DB27002853E5 /* en */ = {isa = PBXFileReference; lastKnownFileType = text.rtf; name = en; path = en.lproj/Credits.rtf; sourceTree = "<group>"; };
		440AD90F1696DB27002853E5 /* AppDelegate.h */ = {isa = PBXFileReference; lastKnownFileType = sourcecode.c.h; path = AppDelegate.h; sourceTree = "<group>"; };
		440AD9101696DB27002853E5 /* AppDelegate.m */ = {isa = PBXFileReference; lastKnownFileType = sourcecode.c.objc; path = AppDelegate.m; sourceTree = "<group>"; };
		440AD9131696DB27002853E5 /* en */ = {isa = PBXFileReference; lastKnownFileType = file.xib; name = en; path = en.lproj/MainMenu.xib; sourceTree = "<group>"; };
/* End PBXFileReference section */

/* Begin PBXFrameworksBuildPhase section */
		440AD8F61696DB26002853E5 /* Frameworks */ = {
			isa = PBXFrameworksBuildPhase;
			buildActionMask = 2147483647;
			files = (
				440AD8FE1696DB26002853E5 /* Cocoa.framework in Frameworks */,
			);
			runOnlyForDeploymentPostprocessing = 0;
		};
/* End PBXFrameworksBuildPhase section */

/* Begin PBXGroup section */
		440AD8EE1696DB26002853E5 = {
			isa = PBXGroup;
			children = (
				440AD9031696DB26002853E5 /* BaiduTiebaChecker */,
				440AD8FC1696DB26002853E5 /* Frameworks */,
				440AD8FA1696DB26002853E5 /* Products */,
			);
			sourceTree = "<group>";
		};
		440AD8FA1696DB26002853E5 /* Products */ = {
			isa = PBXGroup;
			children = (
				440AD8F91696DB26002853E5 /* BaiduTiebaChecker.app */,
			);
			name = Products;
			sourceTree = "<group>";
		};
		440AD8FC1696DB26002853E5 /* Frameworks */ = {
			isa = PBXGroup;
			children = (
				440AD8FD1696DB26002853E5 /* Cocoa.framework */,
				440AD8FF1696DB26002853E5 /* Other Frameworks */,
			);
			name = Frameworks;
			sourceTree = "<group>";
		};
		440AD8FF1696DB26002853E5 /* Other Frameworks */ = {
			isa = PBXGroup;
			children = (
				440AD9001696DB26002853E5 /* AppKit.framework */,
				440AD9011696DB26002853E5 /* CoreData.framework */,
				440AD9021696DB26002853E5 /* Foundation.framework */,
			);
			name = "Other Frameworks";
			sourceTree = "<group>";
		};
		440AD9031696DB26002853E5 /* BaiduTiebaChecker */ = {
			isa = PBXGroup;
			children = (
				440AD90F1696DB27002853E5 /* AppDelegate.h */,
				440AD9101696DB27002853E5 /* AppDelegate.m */,
				440AD9121696DB27002853E5 /* MainMenu.xib */,
				440AD9041696DB26002853E5 /* Supporting Files */,
			);
			path = BaiduTiebaChecker;
			sourceTree = "<group>";
		};
		440AD9041696DB26002853E5 /* Supporting Files */ = {
			isa = PBXGroup;
			children = (
				440AD9051696DB27002853E5 /* BaiduTiebaChecker-Info.plist */,
				440AD9061696DB27002853E5 /* InfoPlist.strings */,
				440AD9091696DB27002853E5 /* main.m */,
				440AD90B1696DB27002853E5 /* BaiduTiebaChecker-Prefix.pch */,
				440AD90C1696DB27002853E5 /* Credits.rtf */,
			);
			name = "Supporting Files";
			sourceTree = "<group>";
		};
/* End PBXGroup section */

/* Begin PBXNativeTarget section */
		440AD8F81696DB26002853E5 /* BaiduTiebaChecker */ = {
			isa = PBXNativeTarget;
			buildConfigurationList = 440AD9171696DB27002853E5 /* Build configuration list for PBXNativeTarget "BaiduTiebaChecker" */;
			buildPhases = (
				440AD8F51696DB26002853E5 /* Sources */,
				440AD8F61696DB26002853E5 /* Frameworks */,
				440AD8F71696DB26002853E5 /* Resources */,
			);
			buildRules = (
			);
			dependencies = (
			);
			name = BaiduTiebaChecker;
			productName = BaiduTiebaChecker;
			productReference = 440AD8F91696DB26002853E5 /* BaiduTiebaChecker.app */;
			productType = "com.apple.product-type.application";
		};
/* End PBXNativeTarget section */

/* Begin PBXProject section */
		440AD8F01696DB26002853E5 /* Project object */ = {
			isa = PBXProject;
			attributes = {
				LastUpgradeCheck = 0450;
				ORGANIZATIONNAME = Ds;
			};
			buildConfigurationList = 440AD8F31696DB26002853E5 /* Build configuration list for PBXProject "TiebaChecker" */;
			compatibilityVersion = "Xcode 3.2";
			developmentRegion = English;
			hasScannedForEncodings = 0;
			knownRegions = (
				en,
			);
			mainGroup = 440AD8EE1696DB26002853E5;
			productRefGroup = 440AD8FA1696DB26002853E5 /* Products */;
			projectDirPath = "";
			projectRoot = "";
			targets = (
				440AD8F81696DB26002853E5 /* BaiduTiebaChecker */,
			);
		};
/* End PBXProject section */

/* Begin PBXResourcesBuildPhase section */
		440AD8F71696DB26002853E5 /* Resources */ = {
			isa = PBXResourcesBuildPhase;
			buildActionMask = 2147483647;
			files = (
				440AD9081696DB27002853E5 /* InfoPlist.strings in Resources */,
				440AD90E1696DB27002853E5 /* Credits.rtf in Resources */,
				440AD9141696DB27002853E5 /* MainMenu.xib in Resources */,
			);
			runOnlyForDeploymentPostprocessing = 0;
		};
/* End PBXResourcesBuildPhase section */

/* Begin PBXSourcesBuildPhase section */
		440AD8F51696DB26002853E5 /* Sources */ = {
			isa = PBXSourcesBuildPhase;
			buildActionMask = 2147483647;
			files = (
				440AD90A1696DB27002853E5 /* main.m in Sources */,
				440AD9111696DB27002853E5 /* AppDelegate.m in Sources */,
			);
			runOnlyForDeploymentPostprocessing = 0;
		};
/* End PBXSourcesBuildPhase section */

/* Begin PBXVariantGroup section */
		440AD9061696DB27002853E5 /* InfoPlist.strings */ = {
			isa = PBXVariantGroup;
			children = (
				440AD9071696DB27002853E5 /* en */,
			);
			name = InfoPlist.strings;
			sourceTree = "<group>";
		};
		440AD90C1696DB27002853E5 /* Credits.rtf */ = {
			isa = PBXVariantGroup;
			children = (
				440AD90D1696DB27002853E5 /* en */,
			);
			name = Credits.rtf;
			sourceTree = "<group>";
		};
		440AD9121696DB27002853E5 /* MainMenu.xib */ = {
			isa = PBXVariantGroup;
			children = (
				440AD9131696DB27002853E5 /* en */,
			);
			name = MainMenu.xib;
			sourceTree = "<group>";
		};
/* End PBXVariantGroup section */

/* Begin XCBuildConfiguration section */
		440AD9151696DB27002853E5 /* Debug */ = {
			isa = XCBuildConfiguration;
			buildSettings = {
				ALWAYS_SEARCH_USER_PATHS = NO;
				ARCHS = "$(ARCHS_STANDARD_64_BIT)";
				CLANG_CXX_LANGUAGE_STANDARD = "gnu++0x";
				CLANG_CXX_LIBRARY = "libc++";
				CLANG_WARN_EMPTY_BODY = YES;
				CLANG_WARN__DUPLICATE_METHOD_MATCH = YES;
				COPY_PHASE_STRIP = NO;
				GCC_C_LANGUAGE_STANDARD = gnu99;
				GCC_DYNAMIC_NO_PIC = NO;
				GCC_ENABLE_OBJC_EXCEPTIONS = YES;
				GCC_OPTIMIZATION_LEVEL = 0;
				GCC_PREPROCESSOR_DEFINITIONS = (
					"DEBUG=1",
					"$(inherited)",
				);
				GCC_SYMBOLS_PRIVATE_EXTERN = NO;
				GCC_WARN_64_TO_32_BIT_CONVERSION = YES;
				GCC_WARN_ABOUT_RETURN_TYPE = YES;
				GCC_WARN_UNINITIALIZED_AUTOS = YES;
				GCC_WARN_UNUSED_VARIABLE = YES;
				MACOSX_DEPLOYMENT_TARGET = 10.8;
				ONLY_ACTIVE_ARCH = YES;
				SDKROOT = macosx;
			};
			name = Debug;
		};
		440AD9161696DB27002853E5 /* Release */ = {
			isa = XCBuildConfiguration;
			buildSettings = {
				ALWAYS_SEARCH_USER_PATHS = NO;
				ARCHS = "$(ARCHS_STANDARD_64_BIT)";
				CLANG_CXX_LANGUAGE_STANDARD = "gnu++0x";
				CLANG_CXX_LIBRARY = "libc++";
				CLANG_WARN_EMPTY_BODY = YES;
				CLANG_WARN__DUPLICATE_METHOD_MATCH = YES;
				COPY_PHASE_STRIP = YES;
				DEBUG_INFORMATION_FORMAT = "dwarf-with-dsym";
				GCC_C_LANGUAGE_STANDARD = gnu99;
				GCC_ENABLE_OBJC_EXCEPTIONS = YES;
				GCC_WARN_64_TO_32_BIT_CONVERSION = YES;
				GCC_WARN_ABOUT_RETURN_TYPE = YES;
				GCC_WARN_UNINITIALIZED_AUTOS = YES;
				GCC_WARN_UNUSED_VARIABLE = YES;
				MACOSX_DEPLOYMENT_TARGET = 10.8;
				SDKROOT = macosx;
			};
			name = Release;
		};
		440AD9181696DB27002853E5 /* Debug */ = {
			isa = XCBuildConfiguration;
			buildSettings = {
				COMBINE_HIDPI_IMAGES = YES;
				GCC_PRECOMPILE_PREFIX_HEADER = YES;
				GCC_PREFIX_HEADER = "BaiduTiebaChecker/BaiduTiebaChecker-Prefix.pch";
				INFOPLIST_FILE = "BaiduTiebaChecker/BaiduTiebaChecker-Info.plist";
				MACOSX_DEPLOYMENT_TARGET = 10.8;
				PRODUCT_NAME = "$(TARGET_NAME)";
				WRAPPER_EXTENSION = app;
			};
			name = Debug;
		};
		440AD9191696DB27002853E5 /* Release */ = {
			isa = XCBuildConfiguration;
			buildSettings = {
				COMBINE_HIDPI_IMAGES = YES;
				GCC_PRECOMPILE_PREFIX_HEADER = YES;
				GCC_PREFIX_HEADER = "BaiduTiebaChecker/BaiduTiebaChecker-Prefix.pch";
				INFOPLIST_FILE = "BaiduTiebaChecker/BaiduTiebaChecker-Info.plist";
				MACOSX_DEPLOYMENT_TARGET = 10.8;
				PRODUCT_NAME = "$(TARGET_NAME)";
				WRAPPER_EXTENSION = app;
			};
			name = Release;
		};
/* End XCBuildConfiguration section */

/* Begin XCConfigurationList section */
		440AD8F31696DB26002853E5 /* Build configuration list for PBXProject "TiebaChecker" */ = {
			isa = XCConfigurationList;
			buildConfigurations = (
				440AD9151696DB27002853E5 /* Debug */,
				440AD9161696DB27002853E5 /* Release */,
			);
			defaultConfigurationIsVisible = 0;
			defaultConfigurationName = Release;
		};
		440AD9171696DB27002853E5 /* Build configuration list for PBXNativeTarget "BaiduTiebaChecker" */ = {
			isa = XCConfigurationList;
			buildConfigurations = (
				440AD9181696DB27002853E5 /* Debug */,
				440AD9191696DB27002853E5 /* Release */,
			);
			defaultConfigurationIsVisible = 0;
			defaultConfigurationName = Release;
		};
/* End XCConfigurationList section */
	};
	rootObject = 440AD8F01696DB26002853E5 /* Project object */;
}
